// !$*UTF8*$!
{
	archiveVersion = 1;
	classes = {
	};
	objectVersion = 77;
	objects = {

/* Begin PBXContainerItemProxy section */
		78FF765B2D9F6914006E08C0 /* PBXContainerItemProxy */ = {
			isa = PBXContainerItemProxy;
			containerPortal = 78FF76452D9F6912006E08C0 /* Project object */;
			proxyType = 1;
			remoteGlobalIDString = 78FF764C2D9F6912006E08C0;
			remoteInfo = MarketValueChart;
		};
		78FF76652D9F6914006E08C0 /* PBXContainerItemProxy */ = {
			isa = PBXContainerItemProxy;
			containerPortal = 78FF76452D9F6912006E08C0 /* Project object */;
			proxyType = 1;
			remoteGlobalIDString = 78FF764C2D9F6912006E08C0;
			remoteInfo = MarketValueChart;
		};
/* End PBXContainerItemProxy section */

/* Begin PBXFileReference section */
		78FF764D2D9F6912006E08C0 /* MarketValueChart.app */ = {isa = PBXFileReference; explicitFileType = wrapper.application; includeInIndex = 0; path = MarketValueChart.app; sourceTree = BUILT_PRODUCTS_DIR; };
		78FF765A2D9F6914006E08C0 /* MarketValueChartTests.xctest */ = {isa = PBXFileReference; explicitFileType = wrapper.cfbundle; includeInIndex = 0; path = MarketValueChartTests.xctest; sourceTree = BUILT_PRODUCTS_DIR; };
		78FF76642D9F6914006E08C0 /* MarketValueChartUITests.xctest */ = {isa = PBXFileReference; explicitFileType = wrapper.cfbundle; includeInIndex = 0; path = MarketValueChartUITests.xctest; sourceTree = BUILT_PRODUCTS_DIR; };
/* End PBXFileReference section */

/* Begin PBXFileSystemSynchronizedRootGroup section */
		78FF764F2D9F6912006E08C0 /* MarketValueChart */ = {
			isa = PBXFileSystemSynchronizedRootGroup;
			path = MarketValueChart;
			sourceTree = "<group>";
		};
		78FF765D2D9F6914006E08C0 /* MarketValueChartTests */ = {
			isa = PBXFileSystemSynchronizedRootGroup;
			path = MarketValueChartTests;
			sourceTree = "<group>";
		};
		78FF76672D9F6914006E08C0 /* MarketValueChartUITests */ = {
			isa = PBXFileSystemSynchronizedRootGroup;
			path = MarketValueChartUITests;
			sourceTree = "<group>";
		};
/* End PBXFileSystemSynchronizedRootGroup section */

/* Begin PBXFrameworksBuildPhase section */
		78FF764A2D9F6912006E08C0 /* Frameworks */ = {
			isa = PBXFrameworksBuildPhase;
			buildActionMask = 2147483647;
			files = (
			);
			runOnlyForDeploymentPostprocessing = 0;
		};
		78FF76572D9F6914006E08C0 /* Frameworks */ = {
			isa = PBXFrameworksBuildPhase;
			buildActionMask = 2147483647;
			files = (
			);
			runOnlyForDeploymentPostprocessing = 0;
		};
		78FF76612D9F6914006E08C0 /* Frameworks */ = {
			isa = PBXFrameworksBuildPhase;
			buildActionMask = 2147483647;
			files = (
			);
			runOnlyForDeploymentPostprocessing = 0;
		};
/* End PBXFrameworksBuildPhase section */

/* Begin PBXGroup section */
		78FF76442D9F6912006E08C0 = {
			isa = PBXGroup;
			children = (
				78FF764F2D9F6912006E08C0 /* MarketValueChart */,
				78FF765D2D9F6914006E08C0 /* MarketValueChartTests */,
				78FF76672D9F6914006E08C0 /* MarketValueChartUITests */,
				78FF764E2D9F6912006E08C0 /* Products */,
			);
			sourceTree = "<group>";
		};
		78FF764E2D9F6912006E08C0 /* Products */ = {
			isa = PBXGroup;
			children = (
				78FF764D2D9F6912006E08C0 /* MarketValueChart.app */,
				78FF765A2D9F6914006E08C0 /* MarketValueChartTests.xctest */,
				78FF76642D9F6914006E08C0 /* MarketValueChartUITests.xctest */,
			);
			name = Products;
			sourceTree = "<group>";
		};
/* End PBXGroup section */

/* Begin PBXNativeTarget section */
		78FF764C2D9F6912006E08C0 /* MarketValueChart */ = {
			isa = PBXNativeTarget;
			buildConfigurationList = 78FF766E2D9F6914006E08C0 /* Build configuration list for PBXNativeTarget "MarketValueChart" */;
			buildPhases = (
				78FF76492D9F6912006E08C0 /* Sources */,
				78FF764A2D9F6912006E08C0 /* Frameworks */,
				78FF764B2D9F6912006E08C0 /* Resources */,
			);
			buildRules = (
			);
			dependencies = (
			);
			fileSystemSynchronizedGroups = (
				78FF764F2D9F6912006E08C0 /* MarketValueChart */,
			);
			name = MarketValueChart;
			packageProductDependencies = (
			);
			productName = MarketValueChart;
			productReference = 78FF764D2D9F6912006E08C0 /* MarketValueChart.app */;
			productType = "com.apple.product-type.application";
		};
		78FF76592D9F6914006E08C0 /* MarketValueChartTests */ = {
			isa = PBXNativeTarget;
			buildConfigurationList = 78FF76712D9F6914006E08C0 /* Build configuration list for PBXNativeTarget "MarketValueChartTests" */;
			buildPhases = (
				78FF76562D9F6914006E08C0 /* Sources */,
				78FF76572D9F6914006E08C0 /* Frameworks */,
				78FF76582D9F6914006E08C0 /* Resources */,
			);
			buildRules = (
			);
			dependencies = (
				78FF765C2D9F6914006E08C0 /* PBXTargetDependency */,
			);
			fileSystemSynchronizedGroups = (
				78FF765D2D9F6914006E08C0 /* MarketValueChartTests */,
			);
			name = MarketValueChartTests;
			packageProductDependencies = (
			);
			productName = MarketValueChartTests;
			productReference = 78FF765A2D9F6914006E08C0 /* MarketValueChartTests.xctest */;
			productType = "com.apple.product-type.bundle.unit-test";
		};
		78FF76632D9F6914006E08C0 /* MarketValueChartUITests */ = {
			isa = PBXNativeTarget;
			buildConfigurationList = 78FF76742D9F6914006E08C0 /* Build configuration list for PBXNativeTarget "MarketValueChartUITests" */;
			buildPhases = (
				78FF76602D9F6914006E08C0 /* Sources */,
				78FF76612D9F6914006E08C0 /* Frameworks */,
				78FF76622D9F6914006E08C0 /* Resources */,
			);
			buildRules = (
			);
			dependencies = (
				78FF76662D9F6914006E08C0 /* PBXTargetDependency */,
			);
			fileSystemSynchronizedGroups = (
				78FF76672D9F6914006E08C0 /* MarketValueChartUITests */,
			);
			name = MarketValueChartUITests;
			packageProductDependencies = (
			);
			productName = MarketValueChartUITests;
			productReference = 78FF76642D9F6914006E08C0 /* MarketValueChartUITests.xctest */;
			productType = "com.apple.product-type.bundle.ui-testing";
		};
/* End PBXNativeTarget section */

/* Begin PBXProject section */
		78FF76452D9F6912006E08C0 /* Project object */ = {
			isa = PBXProject;
			attributes = {
				BuildIndependentTargetsInParallel = 1;
				LastSwiftUpdateCheck = 1630;
				LastUpgradeCheck = 1630;
				TargetAttributes = {
					78FF764C2D9F6912006E08C0 = {
						CreatedOnToolsVersion = 16.3;
					};
					78FF76592D9F6914006E08C0 = {
						CreatedOnToolsVersion = 16.3;
						TestTargetID = 78FF764C2D9F6912006E08C0;
					};
					78FF76632D9F6914006E08C0 = {
						CreatedOnToolsVersion = 16.3;
						TestTargetID = 78FF764C2D9F6912006E08C0;
					};
				};
			};
			buildConfigurationList = 78FF76482D9F6912006E08C0 /* Build configuration list for PBXProject "MarketValueChart" */;
			developmentRegion = en;
			hasScannedForEncodings = 0;
			knownRegions = (
				en,
				Base,
			);
			mainGroup = 78FF76442D9F6912006E08C0;
			minimizedProjectReferenceProxies = 1;
			preferredProjectObjectVersion = 77;
			productRefGroup = 78FF764E2D9F6912006E08C0 /* Products */;
			projectDirPath = "";
			projectRoot = "";
			targets = (
				78FF764C2D9F6912006E08C0 /* MarketValueChart */,
				78FF76592D9F6914006E08C0 /* MarketValueChartTests */,
				78FF76632D9F6914006E08C0 /* MarketValueChartUITests */,
			);
		};
/* End PBXProject section */

/* Begin PBXResourcesBuildPhase section */
		78FF764B2D9F6912006E08C0 /* Resources */ = {
			isa = PBXResourcesBuildPhase;
			buildActionMask = 2147483647;
			files = (
			);
			runOnlyForDeploymentPostprocessing = 0;
		};
		78FF76582D9F6914006E08C0 /* Resources */ = {
			isa = PBXResourcesBuildPhase;
			buildActionMask = 2147483647;
			files = (
			);
			runOnlyForDeploymentPostprocessing = 0;
		};
		78FF76622D9F6914006E08C0 /* Resources */ = {
			isa = PBXResourcesBuildPhase;
			buildActionMask = 2147483647;
			files = (
			);
			runOnlyForDeploymentPostprocessing = 0;
		};
/* End PBXResourcesBuildPhase section */

/* Begin PBXSourcesBuildPhase section */
		78FF76492D9F6912006E08C0 /* Sources */ = {
			isa = PBXSourcesBuildPhase;
			buildActionMask = 2147483647;
			files = (
			);
			runOnlyForDeploymentPostprocessing = 0;
		};
		78FF76562D9F6914006E08C0 /* Sources */ = {
			isa = PBXSourcesBuildPhase;
			buildActionMask = 2147483647;
			files = (
			);
			runOnlyForDeploymentPostprocessing = 0;
		};
		78FF76602D9F6914006E08C0 /* Sources */ = {
			isa = PBXSourcesBuildPhase;
			buildActionMask = 2147483647;
			files = (
			);
			runOnlyForDeploymentPostprocessing = 0;
		};
/* End PBXSourcesBuildPhase section */

/* Begin PBXTargetDependency section */
		78FF765C2D9F6914006E08C0 /* PBXTargetDependency */ = {
			isa = PBXTargetDependency;
			target = 78FF764C2D9F6912006E08C0 /* MarketValueChart */;
			targetProxy = 78FF765B2D9F6914006E08C0 /* PBXContainerItemProxy */;
		};
		78FF76662D9F6914006E08C0 /* PBXTargetDependency */ = {
			isa = PBXTargetDependency;
			target = 78FF764C2D9F6912006E08C0 /* MarketValueChart */;
			targetProxy = 78FF76652D9F6914006E08C0 /* PBXContainerItemProxy */;
		};
/* End PBXTargetDependency section */

/* Begin XCBuildConfiguration section */
		78FF766C2D9F6914006E08C0 /* Debug */ = {
			isa = XCBuildConfiguration;
			buildSettings = {
				ALWAYS_SEARCH_USER_PATHS = NO;
				ASSETCATALOG_COMPILER_GENERATE_SWIFT_ASSET_SYMBOL_EXTENSIONS = YES;
				CLANG_ANALYZER_NONNULL = YES;
				CLANG_ANALYZER_NUMBER_OBJECT_CONVERSION = YES_AGGRESSIVE;
				CLANG_CXX_LANGUAGE_STANDARD = "gnu++20";
				CLANG_ENABLE_MODULES = YES;
				CLANG_ENABLE_OBJC_ARC = YES;
				CLANG_ENABLE_OBJC_WEAK = YES;
				CLANG_WARN_BLOCK_CAPTURE_AUTORELEASING = YES;
				CLANG_WARN_BOOL_CONVERSION = YES;
				CLANG_WARN_COMMA = YES;
				CLANG_WARN_CONSTANT_CONVERSION = YES;
				CLANG_WARN_DEPRECATED_OBJC_IMPLEMENTATIONS = YES;
				CLANG_WARN_DIRECT_OBJC_ISA_USAGE = YES_ERROR;
				CLANG_WARN_DOCUMENTATION_COMMENTS = YES;
				CLANG_WARN_EMPTY_BODY = YES;
				CLANG_WARN_ENUM_CONVERSION = YES;
				CLANG_WARN_INFINITE_RECURSION = YES;
				CLANG_WARN_INT_CONVERSION = YES;
				CLANG_WARN_NON_LITERAL_NULL_CONVERSION = YES;
				CLANG_WARN_OBJC_IMPLICIT_RETAIN_SELF = YES;
				CLANG_WARN_OBJC_LITERAL_CONVERSION = YES;
				CLANG_WARN_OBJC_ROOT_CLASS = YES_ERROR;
				CLANG_WARN_QUOTED_INCLUDE_IN_FRAMEWORK_HEADER = YES;
				CLANG_WARN_RANGE_LOOP_ANALYSIS = YES;
				CLANG_WARN_STRICT_PROTOTYPES = YES;
				CLANG_WARN_SUSPICIOUS_MOVE = YES;
				CLANG_WARN_UNGUARDED_AVAILABILITY = YES_AGGRESSIVE;
				CLANG_WARN_UNREACHABLE_CODE = YES;
				CLANG_WARN__DUPLICATE_METHOD_MATCH = YES;
				COPY_PHASE_STRIP = NO;
				DEBUG_INFORMATION_FORMAT = dwarf;
				ENABLE_STRICT_OBJC_MSGSEND = YES;
				ENABLE_TESTABILITY = YES;
				ENABLE_USER_SCRIPT_SANDBOXING = YES;
				GCC_C_LANGUAGE_STANDARD = gnu17;
				GCC_DYNAMIC_NO_PIC = NO;
				GCC_NO_COMMON_BLOCKS = YES;
				GCC_OPTIMIZATION_LEVEL = 0;
				GCC_PREPROCESSOR_DEFINITIONS = (
					"DEBUG=1",
					"$(inherited)",
				);
				GCC_WARN_64_TO_32_BIT_CONVERSION = YES;
				GCC_WARN_ABOUT_RETURN_TYPE = YES_ERROR;
				GCC_WARN_UNDECLARED_SELECTOR = YES;
				GCC_WARN_UNINITIALIZED_AUTOS = YES_AGGRESSIVE;
				GCC_WARN_UNUSED_FUNCTION = YES;
				GCC_WARN_UNUSED_VARIABLE = YES;
				IPHONEOS_DEPLOYMENT_TARGET = 18.4;
				LOCALIZATION_PREFERS_STRING_CATALOGS = YES;
				MTL_ENABLE_DEBUG_INFO = INCLUDE_SOURCE;
				MTL_FAST_MATH = YES;
				ONLY_ACTIVE_ARCH = YES;
				SDKROOT = iphoneos;
				SWIFT_ACTIVE_COMPILATION_CONDITIONS = "DEBUG $(inherited)";
				SWIFT_OPTIMIZATION_LEVEL = "-Onone";
			};
			name = Debug;
		};
		78FF766D2D9F6914006E08C0 /* Release */ = {
			isa = XCBuildConfiguration;
			buildSettings = {
				ALWAYS_SEARCH_USER_PATHS = NO;
				ASSETCATALOG_COMPILER_GENERATE_SWIFT_ASSET_SYMBOL_EXTENSIONS = YES;
				CLANG_ANALYZER_NONNULL = YES;
				CLANG_ANALYZER_NUMBER_OBJECT_CONVERSION = YES_AGGRESSIVE;
				CLANG_CXX_LANGUAGE_STANDARD = "gnu++20";
				CLANG_ENABLE_MODULES = YES;
				CLANG_ENABLE_OBJC_ARC = YES;
				CLANG_ENABLE_OBJC_WEAK = YES;
				CLANG_WARN_BLOCK_CAPTURE_AUTORELEASING = YES;
				CLANG_WARN_BOOL_CONVERSION = YES;
				CLANG_WARN_COMMA = YES;
				CLANG_WARN_CONSTANT_CONVERSION = YES;
				CLANG_WARN_DEPRECATED_OBJC_IMPLEMENTATIONS = YES;
				CLANG_WARN_DIRECT_OBJC_ISA_USAGE = YES_ERROR;
				CLANG_WARN_DOCUMENTATION_COMMENTS = YES;
				CLANG_WARN_EMPTY_BODY = YES;
				CLANG_WARN_ENUM_CONVERSION = YES;
				CLANG_WARN_INFINITE_RECURSION = YES;
				CLANG_WARN_INT_CONVERSION = YES;
				CLANG_WARN_NON_LITERAL_NULL_CONVERSION = YES;
				CLANG_WARN_OBJC_IMPLICIT_RETAIN_SELF = YES;
				CLANG_WARN_OBJC_LITERAL_CONVERSION = YES;
				CLANG_WARN_OBJC_ROOT_CLASS = YES_ERROR;
				CLANG_WARN_QUOTED_INCLUDE_IN_FRAMEWORK_HEADER = YES;
				CLANG_WARN_RANGE_LOOP_ANALYSIS = YES;
				CLANG_WARN_STRICT_PROTOTYPES = YES;
				CLANG_WARN_SUSPICIOUS_MOVE = YES;
				CLANG_WARN_UNGUARDED_AVAILABILITY = YES_AGGRESSIVE;
				CLANG_WARN_UNREACHABLE_CODE = YES;
				CLANG_WARN__DUPLICATE_METHOD_MATCH = YES;
				COPY_PHASE_STRIP = NO;
				DEBUG_INFORMATION_FORMAT = "dwarf-with-dsym";
				ENABLE_NS_ASSERTIONS = NO;
				ENABLE_STRICT_OBJC_MSGSEND = YES;
				ENABLE_USER_SCRIPT_SANDBOXING = YES;
				GCC_C_LANGUAGE_STANDARD = gnu17;
				GCC_NO_COMMON_BLOCKS = YES;
				GCC_WARN_64_TO_32_BIT_CONVERSION = YES;
				GCC_WARN_ABOUT_RETURN_TYPE = YES_ERROR;
				GCC_WARN_UNDECLARED_SELECTOR = YES;
				GCC_WARN_UNINITIALIZED_AUTOS = YES_AGGRESSIVE;
				GCC_WARN_UNUSED_FUNCTION = YES;
				GCC_WARN_UNUSED_VARIABLE = YES;
				IPHONEOS_DEPLOYMENT_TARGET = 18.4;
				LOCALIZATION_PREFERS_STRING_CATALOGS = YES;
				MTL_ENABLE_DEBUG_INFO = NO;
				MTL_FAST_MATH = YES;
				SDKROOT = iphoneos;
				SWIFT_COMPILATION_MODE = wholemodule;
				VALIDATE_PRODUCT = YES;
			};
			name = Release;
		};
		78FF766F2D9F6914006E08C0 /* Debug */ = {
			isa = XCBuildConfiguration;
			buildSettings = {
				ASSETCATALOG_COMPILER_APPICON_NAME = AppIcon;
				ASSETCATALOG_COMPILER_GLOBAL_ACCENT_COLOR_NAME = AccentColor;
				CODE_SIGN_STYLE = Automatic;
				CURRENT_PROJECT_VERSION = 1;
				ENABLE_PREVIEWS = YES;
				GENERATE_INFOPLIST_FILE = YES;
				INFOPLIST_KEY_UIApplicationSceneManifest_Generation = YES;
				INFOPLIST_KEY_UIApplicationSupportsIndirectInputEvents = YES;
				INFOPLIST_KEY_UILaunchScreen_Generation = YES;
				INFOPLIST_KEY_UISupportedInterfaceOrientations_iPad = "UIInterfaceOrientationPortrait UIInterfaceOrientationPortraitUpsideDown UIInterfaceOrientationLandscapeLeft UIInterfaceOrientationLandscapeRight";
				INFOPLIST_KEY_UISupportedInterfaceOrientations_iPhone = "UIInterfaceOrientationPortrait UIInterfaceOrientationLandscapeLeft UIInterfaceOrientationLandscapeRight";
				LD_RUNPATH_SEARCH_PATHS = (
					"$(inherited)",
					"@executable_path/Frameworks",
				);
				MARKETING_VERSION = 1.0;
				PRODUCT_BUNDLE_IDENTIFIER = com.piyush.ios.MarketValueChart;
				PRODUCT_NAME = "$(TARGET_NAME)";
				SWIFT_EMIT_LOC_STRINGS = YES;
				SWIFT_VERSION = 5.0;
				TARGETED_DEVICE_FAMILY = "1,2";
			};
			name = Debug;
		};
		78FF76702D9F6914006E08C0 /* Release */ = {
			isa = XCBuildConfiguration;
			buildSettings = {
				ASSETCATALOG_COMPILER_APPICON_NAME = AppIcon;
				ASSETCATALOG_COMPILER_GLOBAL_ACCENT_COLOR_NAME = AccentColor;
				CODE_SIGN_STYLE = Automatic;
				CURRENT_PROJECT_VERSION = 1;
				ENABLE_PREVIEWS = YES;
				GENERATE_INFOPLIST_FILE = YES;
				INFOPLIST_KEY_UIApplicationSceneManifest_Generation = YES;
				INFOPLIST_KEY_UIApplicationSupportsIndirectInputEvents = YES;
				INFOPLIST_KEY_UILaunchScreen_Generation = YES;
				INFOPLIST_KEY_UISupportedInterfaceOrientations_iPad = "UIInterfaceOrientationPortrait UIInterfaceOrientationPortraitUpsideDown UIInterfaceOrientationLandscapeLeft UIInterfaceOrientationLandscapeRight";
				INFOPLIST_KEY_UISupportedInterfaceOrientations_iPhone = "UIInterfaceOrientationPortrait UIInterfaceOrientationLandscapeLeft UIInterfaceOrientationLandscapeRight";
				LD_RUNPATH_SEARCH_PATHS = (
					"$(inherited)",
					"@executable_path/Frameworks",
				);
				MARKETING_VERSION = 1.0;
				PRODUCT_BUNDLE_IDENTIFIER = com.piyush.ios.MarketValueChart;
				PRODUCT_NAME = "$(TARGET_NAME)";
				SWIFT_EMIT_LOC_STRINGS = YES;
				SWIFT_VERSION = 5.0;
				TARGETED_DEVICE_FAMILY = "1,2";
			};
			name = Release;
		};
		78FF76722D9F6914006E08C0 /* Debug */ = {
			isa = XCBuildConfiguration;
			buildSettings = {
				BUNDLE_LOADER = "$(TEST_HOST)";
				CODE_SIGN_STYLE = Automatic;
				CURRENT_PROJECT_VERSION = 1;
				GENERATE_INFOPLIST_FILE = YES;
				IPHONEOS_DEPLOYMENT_TARGET = 18.4;
				MARKETING_VERSION = 1.0;
				PRODUCT_BUNDLE_IDENTIFIER = com.piyush.ios.MarketValueChartTests;
				PRODUCT_NAME = "$(TARGET_NAME)";
				SWIFT_EMIT_LOC_STRINGS = NO;
				SWIFT_VERSION = 5.0;
				TARGETED_DEVICE_FAMILY = "1,2";
				TEST_HOST = "$(BUILT_PRODUCTS_DIR)/MarketValueChart.app/$(BUNDLE_EXECUTABLE_FOLDER_PATH)/MarketValueChart";
			};
			name = Debug;
		};
		78FF76732D9F6914006E08C0 /* Release */ = {
			isa = XCBuildConfiguration;
			buildSettings = {
				BUNDLE_LOADER = "$(TEST_HOST)";
				CODE_SIGN_STYLE = Automatic;
				CURRENT_PROJECT_VERSION = 1;
				GENERATE_INFOPLIST_FILE = YES;
				IPHONEOS_DEPLOYMENT_TARGET = 18.4;
				MARKETING_VERSION = 1.0;
				PRODUCT_BUNDLE_IDENTIFIER = com.piyush.ios.MarketValueChartTests;
				PRODUCT_NAME = "$(TARGET_NAME)";
				SWIFT_EMIT_LOC_STRINGS = NO;
				SWIFT_VERSION = 5.0;
				TARGETED_DEVICE_FAMILY = "1,2";
				TEST_HOST = "$(BUILT_PRODUCTS_DIR)/MarketValueChart.app/$(BUNDLE_EXECUTABLE_FOLDER_PATH)/MarketValueChart";
			};
			name = Release;
		};
		78FF76752D9F6914006E08C0 /* Debug */ = {
			isa = XCBuildConfiguration;
			buildSettings = {
				CODE_SIGN_STYLE = Automatic;
				CURRENT_PROJECT_VERSION = 1;
				GENERATE_INFOPLIST_FILE = YES;
				MARKETING_VERSION = 1.0;
				PRODUCT_BUNDLE_IDENTIFIER = com.piyush.ios.MarketValueChartUITests;
				PRODUCT_NAME = "$(TARGET_NAME)";
				SWIFT_EMIT_LOC_STRINGS = NO;
				SWIFT_VERSION = 5.0;
				TARGETED_DEVICE_FAMILY = "1,2";
				TEST_TARGET_NAME = MarketValueChart;
			};
			name = Debug;
		};
		78FF76762D9F6914006E08C0 /* Release */ = {
			isa = XCBuildConfiguration;
			buildSettings = {
				CODE_SIGN_STYLE = Automatic;
				CURRENT_PROJECT_VERSION = 1;
				GENERATE_INFOPLIST_FILE = YES;
				MARKETING_VERSION = 1.0;
				PRODUCT_BUNDLE_IDENTIFIER = com.piyush.ios.MarketValueChartUITests;
				PRODUCT_NAME = "$(TARGET_NAME)";
				SWIFT_EMIT_LOC_STRINGS = NO;
				SWIFT_VERSION = 5.0;
				TARGETED_DEVICE_FAMILY = "1,2";
				TEST_TARGET_NAME = MarketValueChart;
			};
			name = Release;
		};
/* End XCBuildConfiguration section */

/* Begin XCConfigurationList section */
		78FF76482D9F6912006E08C0 /* Build configuration list for PBXProject "MarketValueChart" */ = {
			isa = XCConfigurationList;
			buildConfigurations = (
				78FF766C2D9F6914006E08C0 /* Debug */,
				78FF766D2D9F6914006E08C0 /* Release */,
			);
			defaultConfigurationIsVisible = 0;
			defaultConfigurationName = Release;
		};
		78FF766E2D9F6914006E08C0 /* Build configuration list for PBXNativeTarget "MarketValueChart" */ = {
			isa = XCConfigurationList;
			buildConfigurations = (
				78FF766F2D9F6914006E08C0 /* Debug */,
				78FF76702D9F6914006E08C0 /* Release */,
			);
			defaultConfigurationIsVisible = 0;
			defaultConfigurationName = Release;
		};
		78FF76712D9F6914006E08C0 /* Build configuration list for PBXNativeTarget "MarketValueChartTests" */ = {
			isa = XCConfigurationList;
			buildConfigurations = (
				78FF76722D9F6914006E08C0 /* Debug */,
				78FF76732D9F6914006E08C0 /* Release */,
			);
			defaultConfigurationIsVisible = 0;
			defaultConfigurationName = Release;
		};
		78FF76742D9F6914006E08C0 /* Build configuration list for PBXNativeTarget "MarketValueChartUITests" */ = {
			isa = XCConfigurationList;
			buildConfigurations = (
				78FF76752D9F6914006E08C0 /* Debug */,
				78FF76762D9F6914006E08C0 /* Release */,
			);
			defaultConfigurationIsVisible = 0;
			defaultConfigurationName = Release;
		};
/* End XCConfigurationList section */
	};
	rootObject = 78FF76452D9F6912006E08C0 /* Project object */;
}
